
Microsoft Visual Studio Solution File, Format Version 12.00
# Visual Studio Version 17
VisualStudioVersion = 17.9.34728.123
MinimumVisualStudioVersion = 10.0.40219.1
Project("{8BC9CEB8-8B4A-11D0-8D11-00A0C91BC942}") = "Pointer", "Pointer\Pointer.vcxproj", "{03F3D0B8-8431-42D2-AA46-97DF99ACCEAC}"
EndProject
Global
	GlobalSection(SolutionConfigurationPlatforms) = preSolution
		Debug|x64 = Debug|x64
		Debug|x86 = Debug|x86
		Release|x64 = Release|x64
		Release|x86 = Release|x86
	EndGlobalSection
	GlobalSection(ProjectConfigurationPlatforms) = postSolution
		{03F3D0B8-8431-42D2-AA46-97DF99ACCEAC}.Debug|x64.ActiveCfg = Debug|x64
		{03F3D0B8-8431-42D2-AA46-97DF99ACCEAC}.Debug|x64.Build.0 = Debug|x64
		{03F3D0B8-8431-42D2-AA46-97DF99ACCEAC}.Debug|x86.ActiveCfg = Debug|Win32
		{03F3D0B8-8431-42D2-AA46-97DF99ACCEAC}.Debug|x86.Build.0 = Debug|Win32
		{03F3D0B8-8431-42D2-AA46-97DF99ACCEAC}.Release|x64.ActiveCfg = Release|x64
		{03F3D0B8-8431-42D2-AA46-97DF99ACCEAC}.Release|x64.Build.0 = Release|x64
		{03F3D0B8-8431-42D2-AA46-97DF99ACCEAC}.Release|x86.ActiveCfg = Release|Win32
		{03F3D0B8-8431-42D2-AA46-97DF99ACCEAC}.Release|x86.Build.0 = Release|Win32
	EndGlobalSection
	GlobalSection(SolutionProperties) = preSolution
		HideSolutionNode = FALSE
	EndGlobalSection
	GlobalSection(ExtensibilityGlobals) = postSolution
		SolutionGuid = {298E4C39-6AEA-41B4-A5D2-0842DB2347B9}
	EndGlobalSection
EndGlobal
